
Microsoft Visual Studio Solution File, Format Version 12.00
# Visual Studio 15
VisualStudioVersion = 15.0.28307.168
MinimumVisualStudioVersion = 10.0.40219.1
Project("{FAE04EC0-301F-11D3-BF4B-00C04F79EFBC}") = "Milestones.API", "Milestones.API\Milestones.API.csproj", "{AFA63F12-DB3D-4468-930A-F46388A51799}"
EndProject
Global
	GlobalSection(SolutionConfigurationPlatforms) = preSolution
		Debug|Any CPU = Debug|Any CPU
		Release|Any CPU = Release|Any CPU
	EndGlobalSection
	GlobalSection(ProjectConfigurationPlatforms) = postSolution
		{AFA63F12-DB3D-4468-930A-F46388A51799}.Debug|Any CPU.ActiveCfg = Debug|Any CPU
		{AFA63F12-DB3D-4468-930A-F46388A51799}.Debug|Any CPU.Build.0 = Debug|Any CPU
		{AFA63F12-DB3D-4468-930A-F46388A51799}.Release|Any CPU.ActiveCfg = Release|Any CPU
		{AFA63F12-DB3D-4468-930A-F46388A51799}.Release|Any CPU.Build.0 = Release|Any CPU
	EndGlobalSection
	GlobalSection(SolutionProperties) = preSolution
		HideSolutionNode = FALSE
	EndGlobalSection
	GlobalSection(ExtensibilityGlobals) = postSolution
		SolutionGuid = {A5ABE5AA-EE7D-4623-B191-9B3FEF717274}
	EndGlobalSection
EndGlobal
